<?xml version="1.0" encoding="utf-8"?>
<Project ToolsVersion="4.0" xmlns="http://schemas.microsoft.com/developer/msbuild/2003">
  <ItemGroup>
    <Filter Include="Source Files">
      <UniqueIdentifier>{4FC737F1-C7A5-4376-A066-2A32D752A2FF}</UniqueIdentifier>
      <Extensions>cpp;c;cc;cxx;def;odl;idl;hpj;bat;asm;asmx</Extensions>
    </Filter>
    <Filter Include="Header Files">
      <UniqueIdentifier>{93995380-89BD-4b04-88EB-625FBE52EBFB}</UniqueIdentifier>
      <Extensions>h;hh;hpp;hxx;hm;inl;inc;ipp;xsd</Extensions>
    </Filter>
    <Filter Include="Resource Files">
      <UniqueIdentifier>{67DA6AB6-F800-4c08-8B7A-83BB121AAD01}</UniqueIdentifier>
      <Extensions>rc;ico;cur;bmp;dlg;rc2;rct;bin;rgs;gif;jpg;jpeg;jpe;resx;tiff;tif;png;wav;mfcribbon-ms</Extensions>
    </Filter>
    <Filter Include="Header Files\animation">
      <UniqueIdentifier>{ecd4a2c7-8f9b-4321-a70d-7dcba9ff26f3}</UniqueIdentifier>
    </Filter>
    <Filter Include="Source Files\animation">
      <UniqueIdentifier>{0bc2858a-18d0-4c14-aaa9-d98e9ce3cacd}</UniqueIdentifier>
    </Filter>
    <Filter Include="Header Files\core">
      <UniqueIdentifier>{015694cf-f27b-4b4e-ab1b-12bd97adfd76}</UniqueIdentifier>
    </Filter>
    <Filter Include="Header Files\camera">
      <UniqueIdentifier>{5f187dc3-4e23-4023-92fb-dd71c4756ae8}</UniqueIdentifier>
    </Filter>
    <Filter Include="Header Files\shader">
      <UniqueIdentifier>{e8a6900c-f723-4904-994f-505b4dc6b1e2}</UniqueIdentifier>
    </Filter>
    <Filter Include="Header Files\scene">
      <UniqueIdentifier>{29ba3a4f-85f0-4774-b0b4-a4397b77aa8d}</UniqueIdentifier>
    </Filter>
    <Filter Include="Source Files\core">
      <UniqueIdentifier>{814b29e8-1ff1-4eb1-be9a-362d75d08c32}</UniqueIdentifier>
    </Filter>
    <Filter Include="Source Files\camera">
      <UniqueIdentifier>{7118efbd-b9a8-41da-8852-8a9b6b489824}</UniqueIdentifier>
    </Filter>
    <Filter Include="Source Files\scene">
      <UniqueIdentifier>{035cc099-344a-44f3-8dfd-033676788fe5}</UniqueIdentifier>
    </Filter>
    <Filter Include="Source Files\shader">
      <UniqueIdentifier>{52c1a4d8-4888-4122-be78-3b31fce4b390}</UniqueIdentifier>
    </Filter>
  </ItemGroup>
  <ItemGroup>
    <ClCompile Include="main.cpp">
      <Filter>Source Files</Filter>
    </ClCompile>
    <ClCompile Include="camera.cpp">
      <Filter>Source Files\camera</Filter>
    </ClCompile>
    <ClCompile Include="keyboard_handler.cpp">
      <Filter>Source Files\camera</Filter>
    </ClCompile>
    <ClCompile Include="glsl.cpp">
      <Filter>Source Files\core</Filter>
    </ClCompile>
    <ClCompile Include="object.cpp">
      <Filter>Source Files\scene</Filter>
    </ClCompile>
    <ClCompile Include="objloader.cpp">
      <Filter>Source Files\core</Filter>
    </ClCompile>
    <ClCompile Include="scene_manager.cpp">
      <Filter>Source Files\scene</Filter>
    </ClCompile>
    <ClCompile Include="shader_manager.cpp">
      <Filter>Source Files\shader</Filter>
    </ClCompile>
    <ClCompile Include="texture.cpp">
      <Filter>Source Files\core</Filter>
    </ClCompile>
    <ClCompile Include="shader_factory.cpp">
      <Filter>Source Files\shader</Filter>
    </ClCompile>
    <ClCompile Include="matrix_transformations.cpp">
      <Filter>Source Files\core</Filter>
    </ClCompile>
    <ClCompile Include="animation.cpp">
      <Filter>Source Files\animation</Filter>
    </ClCompile>
    <ClCompile Include="animation_rotate.cpp">
      <Filter>Source Files\animation</Filter>
    </ClCompile>
  </ItemGroup>
  <ItemGroup>
    <None Include="fragmentshader_texture.frag">
      <Filter>Resource Files</Filter>
    </None>
    <None Include="vertexshader_texture.vert">
      <Filter>Resource Files</Filter>
    </None>
  </ItemGroup>
  <ItemGroup>
    <ClInclude Include="camera.h">
      <Filter>Header Files\camera</Filter>
    </ClInclude>
    <ClInclude Include="glsl.h">
      <Filter>Header Files\core</Filter>
    </ClInclude>
    <ClInclude Include="keyboard_handler.h">
      <Filter>Header Files\camera</Filter>
    </ClInclude>
    <ClInclude Include="objloader.h">
      <Filter>Header Files\core</Filter>
    </ClInclude>
    <ClInclude Include="texture.h">
      <Filter>Header Files\core</Filter>
    </ClInclude>
    <ClInclude Include="configuration.h">
      <Filter>Header Files\core</Filter>
    </ClInclude>
    <ClInclude Include="shader_manager.h">
      <Filter>Header Files\shader</Filter>
    </ClInclude>
    <ClInclude Include="scene_manager.h">
      <Filter>Header Files\scene</Filter>
    </ClInclude>
    <ClInclude Include="object.h">
      <Filter>Header Files\scene</Filter>
    </ClInclude>
    <ClInclude Include="shader_factory.h">
      <Filter>Header Files\shader</Filter>
    </ClInclude>
    <ClInclude Include="matrix_transformations.h">
      <Filter>Header Files\core</Filter>
    </ClInclude>
    <ClInclude Include="animation.h">
      <Filter>Header Files\animation</Filter>
    </ClInclude>
    <ClInclude Include="animation_rotate.h">
      <Filter>Header Files\animation</Filter>
    </ClInclude>
  </ItemGroup>
</Project>